
Microsoft Visual Studio Solution File, Format Version 12.00
# Visual Studio Version 17
VisualStudioVersion = 17.2.32616.157
MinimumVisualStudioVersion = 10.0.40219.1
Project("{FAE04EC0-301F-11D3-BF4B-00C04F79EFBC}") = "Malin_Space_Science_System", "Malin_Space_Science_System\Malin_Space_Science_System.csproj", "{162E27A2-6E7E-48C8-8C6C-D29949279D62}"
EndProject
Global
	GlobalSection(SolutionConfigurationPlatforms) = preSolution
		Debug|Any CPU = Debug|Any CPU
		Release|Any CPU = Release|Any CPU
	EndGlobalSection
	GlobalSection(ProjectConfigurationPlatforms) = postSolution
		{162E27A2-6E7E-48C8-8C6C-D29949279D62}.Debug|Any CPU.ActiveCfg = Debug|Any CPU
		{162E27A2-6E7E-48C8-8C6C-D29949279D62}.Debug|Any CPU.Build.0 = Debug|Any CPU
		{162E27A2-6E7E-48C8-8C6C-D29949279D62}.Release|Any CPU.ActiveCfg = Release|Any CPU
		{162E27A2-6E7E-48C8-8C6C-D29949279D62}.Release|Any CPU.Build.0 = Release|Any CPU
	EndGlobalSection
	GlobalSection(SolutionProperties) = preSolution
		HideSolutionNode = FALSE
	EndGlobalSection
	GlobalSection(ExtensibilityGlobals) = postSolution
		SolutionGuid = {5CC4443E-C6BF-4213-BC4F-9D591910F8F3}
	EndGlobalSection
EndGlobal
