
Microsoft Visual Studio Solution File, Format Version 12.00
# Visual Studio Version 17
VisualStudioVersion = 17.3.32929.385
MinimumVisualStudioVersion = 10.0.40219.1
Project("{FAE04EC0-301F-11D3-BF4B-00C04F79EFBC}") = "Astro_Math", "Astro_Math\Astro_Math.csproj", "{83B831F2-AF6F-419F-AB01-E2DC7674E552}"
EndProject
Global
	GlobalSection(SolutionConfigurationPlatforms) = preSolution
		Debug|Any CPU = Debug|Any CPU
		Release|Any CPU = Release|Any CPU
	EndGlobalSection
	GlobalSection(ProjectConfigurationPlatforms) = postSolution
		{83B831F2-AF6F-419F-AB01-E2DC7674E552}.Debug|Any CPU.ActiveCfg = Debug|Any CPU
		{83B831F2-AF6F-419F-AB01-E2DC7674E552}.Debug|Any CPU.Build.0 = Debug|Any CPU
		{83B831F2-AF6F-419F-AB01-E2DC7674E552}.Release|Any CPU.ActiveCfg = Release|Any CPU
		{83B831F2-AF6F-419F-AB01-E2DC7674E552}.Release|Any CPU.Build.0 = Release|Any CPU
	EndGlobalSection
	GlobalSection(SolutionProperties) = preSolution
		HideSolutionNode = FALSE
	EndGlobalSection
	GlobalSection(ExtensibilityGlobals) = postSolution
		SolutionGuid = {7A8D5A8B-7A78-4C44-83FF-AC5A970BFF7A}
	EndGlobalSection
EndGlobal
